{
  "version": 4,
  "terraform_version": "1.15.5",
  "serial": 61,
  "lineage": "d4751f55-ff39-8cb3-c3b2-df878a99353b",
  "outputs": {},
  "resources": [
    {
      "mode": "managed",
      "type": "google_artifact_registry_repository",
      "name": "tram_platform",
      "provider": "provider[\"registry.terraform.io/hashicorp/google\"]",
      "instances": [
        {
          "schema_version": 0,
          "attributes": {
            "cleanup_policies": [],
            "cleanup_policy_dry_run": false,
            "create_time": "2026-06-10T20:08:47.380597Z",
            "description": "",
            "docker_config": [],
            "effective_labels": {},
            "format": "DOCKER",
            "id": "projects/warsaw-tram-platform/locations/europe-central2/repositories/tram-platform",
            "kms_key_name": "",
            "labels": {},
            "location": "europe-central2",
            "maven_config": [],
            "mode": "STANDARD_REPOSITORY",
            "name": "tram-platform",
            "project": "warsaw-tram-platform",
            "remote_repository_config": [],
            "repository_id": "tram-platform",
            "terraform_labels": {},
            "timeouts": null,
            "update_time": "2026-06-10T21:27:10.292925Z",
            "virtual_repository_config": []
          },
          "sensitive_attributes": [],
          "identity_schema_version": 0,
          "private": "eyJlMmJmYjczMC1lY2FhLTExZTYtOGY4OC0zNDM2M2JjN2M0YzAiOnsiY3JlYXRlIjoxMjAwMDAwMDAwMDAwLCJkZWxldGUiOjEyMDAwMDAwMDAwMDAsInVwZGF0ZSI6MTIwMDAwMDAwMDAwMH19"
        }
      ]
    },
    {
      "mode": "managed",
      "type": "google_bigquery_dataset",
      "name": "trams_warsaw",
      "provider": "provider[\"registry.terraform.io/hashicorp/google\"]",
      "instances": [
        {
          "schema_version": 0,
          "attributes": {
            "access": [
              {
                "dataset": [],
                "domain": "",
                "group_by_email": "",
                "iam_member": "",
                "role": "OWNER",
                "routine": [],
                "special_group": "",
                "user_by_email": "michal.szewczak3.stud@pw.edu.pl",
                "view": []
              },
              {
                "dataset": [],
                "domain": "",
                "group_by_email": "",
                "iam_member": "",
                "role": "OWNER",
                "routine": [],
                "special_group": "projectOwners",
                "user_by_email": "",
                "view": []
              },
              {
                "dataset": [],
                "domain": "",
                "group_by_email": "",
                "iam_member": "",
                "role": "READER",
                "routine": [],
                "special_group": "projectReaders",
                "user_by_email": "",
                "view": []
              },
              {
                "dataset": [],
                "domain": "",
                "group_by_email": "",
                "iam_member": "",
                "role": "WRITER",
                "routine": [],
                "special_group": "projectWriters",
                "user_by_email": "",
                "view": []
              }
            ],
            "creation_time": 1781122115435,
            "dataset_id": "trams_warsaw",
            "default_collation": "",
            "default_encryption_configuration": [],
            "default_partition_expiration_ms": 0,
            "default_table_expiration_ms": 0,
            "delete_contents_on_destroy": false,
            "description": "",
            "effective_labels": {},
            "etag": "u4nIVxIjaOLpAu9PtWf+Ow==",
            "external_dataset_reference": [],
            "friendly_name": "",
            "id": "projects/warsaw-tram-platform/datasets/trams_warsaw",
            "is_case_insensitive": false,
            "labels": {},
            "last_modified_time": 1781122115435,
            "location": "europe-central2",
            "max_time_travel_hours": "168",
            "project": "warsaw-tram-platform",
            "resource_tags": {},
            "self_link": "https://bigquery.googleapis.com/bigquery/v2/projects/warsaw-tram-platform/datasets/trams_warsaw",
            "storage_billing_model": "",
            "terraform_labels": {},
            "timeouts": null
          },
          "sensitive_attributes": [],
          "identity_schema_version": 0,
          "private": "eyJlMmJmYjczMC1lY2FhLTExZTYtOGY4OC0zNDM2M2JjN2M0YzAiOnsiY3JlYXRlIjoxMjAwMDAwMDAwMDAwLCJkZWxldGUiOjEyMDAwMDAwMDAwMDAsInVwZGF0ZSI6MTIwMDAwMDAwMDAwMH19"
        }
      ]
    },
    {
      "mode": "managed",
      "type": "google_bigquery_table",
      "name": "features",
      "provider": "provider[\"registry.terraform.io/hashicorp/google\"]",
      "instances": [
        {
          "schema_version": 0,
          "attributes": {
            "allow_resource_tags_on_deletion": false,
            "clustering": [
              "line",
              "hour_of_day"
            ],
            "creation_time": 1781122116829,
            "dataset_id": "trams_warsaw",
            "deletion_protection": false,
            "description": "",
            "effective_labels": {},
            "encryption_configuration": [],
            "etag": "JKvi7AaUwuTR1awKFsTCbg==",
            "expiration_time": 0,
            "external_data_configuration": [],
            "friendly_name": "",
            "id": "projects/warsaw-tram-platform/datasets/trams_warsaw/tables/features",
            "labels": {},
            "last_modified_time": 1781122116925,
            "location": "europe-central2",
            "materialized_view": [],
            "max_staleness": "",
            "num_bytes": 0,
            "num_long_term_bytes": 0,
            "num_rows": 0,
            "project": "warsaw-tram-platform",
            "range_partitioning": [],
            "require_partition_filter": false,
            "resource_tags": {},
            "schema": "[{\"mode\":\"REQUIRED\",\"name\":\"line\",\"type\":\"STRING\"},{\"mode\":\"REQUIRED\",\"name\":\"brigade\",\"type\":\"STRING\"},{\"mode\":\"REQUIRED\",\"name\":\"stop_id\",\"type\":\"STRING\"},{\"mode\":\"REQUIRED\",\"name\":\"hour_of_day\",\"type\":\"INTEGER\"},{\"mode\":\"NULLABLE\",\"name\":\"mean_delay_s\",\"type\":\"FLOAT\"},{\"mode\":\"NULLABLE\",\"name\":\"stddev_delay_s\",\"type\":\"FLOAT\"},{\"mode\":\"NULLABLE\",\"name\":\"rain_delay_corr\",\"type\":\"FLOAT\"},{\"mode\":\"NULLABLE\",\"name\":\"peak_hour_flag\",\"type\":\"BOOLEAN\"},{\"mode\":\"NULLABLE\",\"name\":\"sample_count\",\"type\":\"INTEGER\"},{\"mode\":\"REQUIRED\",\"name\":\"window_start\",\"type\":\"DATE\"},{\"mode\":\"REQUIRED\",\"name\":\"window_end\",\"type\":\"DATE\"},{\"mode\":\"REQUIRED\",\"name\":\"computed_at\",\"type\":\"TIMESTAMP\"}]",
            "self_link": "https://bigquery.googleapis.com/bigquery/v2/projects/warsaw-tram-platform/datasets/trams_warsaw/tables/features",
            "table_constraints": [],
            "table_id": "features",
            "table_replication_info": [],
            "terraform_labels": {},
            "time_partitioning": [],
            "type": "TABLE",
            "view": []
          },
          "sensitive_attributes": [],
          "identity_schema_version": 0,
          "private": "bnVsbA==",
          "dependencies": [
            "google_bigquery_dataset.trams_warsaw"
          ]
        }
      ]
    },
    {
      "mode": "managed",
      "type": "google_bigquery_table",
      "name": "positions_enriched",
      "provider": "provider[\"registry.terraform.io/hashicorp/google\"]",
      "instances": [
        {
          "schema_version": 0,
          "attributes": {
            "allow_resource_tags_on_deletion": false,
            "clustering": [
              "line"
            ],
            "creation_time": 1781122117354,
            "dataset_id": "trams_warsaw",
            "deletion_protection": false,
            "description": "",
            "effective_labels": {},
            "encryption_configuration": [],
            "etag": "v5Z52VgCn5BO7KwR7tK4WA==",
            "expiration_time": 0,
            "external_data_configuration": [],
            "friendly_name": "",
            "id": "projects/warsaw-tram-platform/datasets/trams_warsaw/tables/positions_enriched",
            "labels": {},
            "last_modified_time": 1781122117425,
            "location": "europe-central2",
            "materialized_view": [],
            "max_staleness": "",
            "num_bytes": 0,
            "num_long_term_bytes": 0,
            "num_rows": 0,
            "project": "warsaw-tram-platform",
            "range_partitioning": [],
            "require_partition_filter": false,
            "resource_tags": {},
            "schema": "[{\"mode\":\"REQUIRED\",\"name\":\"vehicle_number\",\"type\":\"STRING\"},{\"mode\":\"NULLABLE\",\"name\":\"line\",\"type\":\"STRING\"},{\"mode\":\"NULLABLE\",\"name\":\"brigade\",\"type\":\"STRING\"},{\"mode\":\"NULLABLE\",\"name\":\"lat\",\"type\":\"FLOAT\"},{\"mode\":\"NULLABLE\",\"name\":\"lon\",\"type\":\"FLOAT\"},{\"mode\":\"REQUIRED\",\"name\":\"gps_time\",\"type\":\"TIMESTAMP\"},{\"mode\":\"REQUIRED\",\"name\":\"ingested_at\",\"type\":\"TIMESTAMP\"},{\"mode\":\"NULLABLE\",\"name\":\"matched_stop_id\",\"type\":\"STRING\"},{\"mode\":\"NULLABLE\",\"name\":\"scheduled_departure\",\"type\":\"TIMESTAMP\"},{\"mode\":\"NULLABLE\",\"name\":\"delay_s\",\"type\":\"INTEGER\"},{\"mode\":\"NULLABLE\",\"name\":\"precip_mm\",\"type\":\"FLOAT\"},{\"mode\":\"NULLABLE\",\"name\":\"temp_c\",\"type\":\"FLOAT\"}]",
            "self_link": "https://bigquery.googleapis.com/bigquery/v2/projects/warsaw-tram-platform/datasets/trams_warsaw/tables/positions_enriched",
            "table_constraints": [],
            "table_id": "positions_enriched",
            "table_replication_info": [],
            "terraform_labels": {},
            "time_partitioning": [
              {
                "expiration_ms": 0,
                "field": "gps_time",
                "require_partition_filter": false,
                "type": "DAY"
              }
            ],
            "type": "TABLE",
            "view": []
          },
          "sensitive_attributes": [],
          "identity_schema_version": 0,
          "private": "bnVsbA==",
          "dependencies": [
            "google_bigquery_dataset.trams_warsaw"
          ]
        }
      ]
    },
    {
      "mode": "managed",
      "type": "google_bigquery_table",
      "name": "positions_raw",
      "provider": "provider[\"registry.terraform.io/hashicorp/google\"]",
      "instances": [
        {
          "schema_version": 0,
          "attributes": {
            "allow_resource_tags_on_deletion": false,
            "clustering": null,
            "creation_time": 1781122116877,
            "dataset_id": "trams_warsaw",
            "deletion_protection": false,
            "description": "",
            "effective_labels": {},
            "encryption_configuration": [],
            "etag": "RDxJ8DZIr7fAzRaAJRnZ2A==",
            "expiration_time": 0,
            "external_data_configuration": [],
            "friendly_name": "",
            "id": "projects/warsaw-tram-platform/datasets/trams_warsaw/tables/positions_raw",
            "labels": {},
            "last_modified_time": 1781122116929,
            "location": "europe-central2",
            "materialized_view": [],
            "max_staleness": "",
            "num_bytes": 0,
            "num_long_term_bytes": 0,
            "num_rows": 0,
            "project": "warsaw-tram-platform",
            "range_partitioning": [],
            "require_partition_filter": false,
            "resource_tags": {},
            "schema": "[{\"mode\":\"REQUIRED\",\"name\":\"vehicle_number\",\"type\":\"STRING\"},{\"mode\":\"NULLABLE\",\"name\":\"line\",\"type\":\"STRING\"},{\"mode\":\"NULLABLE\",\"name\":\"brigade\",\"type\":\"STRING\"},{\"mode\":\"NULLABLE\",\"name\":\"lat\",\"type\":\"FLOAT\"},{\"mode\":\"NULLABLE\",\"name\":\"lon\",\"type\":\"FLOAT\"},{\"mode\":\"REQUIRED\",\"name\":\"gps_time\",\"type\":\"TIMESTAMP\"},{\"mode\":\"REQUIRED\",\"name\":\"ingested_at\",\"type\":\"TIMESTAMP\"}]",
            "self_link": "https://bigquery.googleapis.com/bigquery/v2/projects/warsaw-tram-platform/datasets/trams_warsaw/tables/positions_raw",
            "table_constraints": [],
            "table_id": "positions_raw",
            "table_replication_info": [],
            "terraform_labels": {},
            "time_partitioning": [
              {
                "expiration_ms": 0,
                "field": "ingested_at",
                "require_partition_filter": false,
                "type": "DAY"
              }
            ],
            "type": "TABLE",
            "view": []
          },
          "sensitive_attributes": [],
          "identity_schema_version": 0,
          "private": "bnVsbA==",
          "dependencies": [
            "google_bigquery_dataset.trams_warsaw"
          ]
        }
      ]
    },
    {
      "mode": "managed",
      "type": "google_bigquery_table",
      "name": "timetable",
      "provider": "provider[\"registry.terraform.io/hashicorp/google\"]",
      "instances": [
        {
          "schema_version": 0,
          "attributes": {
            "allow_resource_tags_on_deletion": false,
            "clustering": null,
            "creation_time": 1781122116866,
            "dataset_id": "trams_warsaw",
            "deletion_protection": false,
            "description": "",
            "effective_labels": {},
            "encryption_configuration": [],
            "etag": "d5J/5pU0ugBd3ak4JX+faQ==",
            "expiration_time": 0,
            "external_data_configuration": [],
            "friendly_name": "",
            "id": "projects/warsaw-tram-platform/datasets/trams_warsaw/tables/timetable",
            "labels": {},
            "last_modified_time": 1781122116925,
            "location": "europe-central2",
            "materialized_view": [],
            "max_staleness": "",
            "num_bytes": 0,
            "num_long_term_bytes": 0,
            "num_rows": 0,
            "project": "warsaw-tram-platform",
            "range_partitioning": [],
            "require_partition_filter": false,
            "resource_tags": {},
            "schema": "[{\"mode\":\"REQUIRED\",\"name\":\"stop_id\",\"type\":\"STRING\"},{\"mode\":\"NULLABLE\",\"name\":\"stop_name\",\"type\":\"STRING\"},{\"mode\":\"NULLABLE\",\"name\":\"stop_nr\",\"type\":\"STRING\"},{\"mode\":\"NULLABLE\",\"name\":\"lat\",\"type\":\"FLOAT\"},{\"mode\":\"NULLABLE\",\"name\":\"lon\",\"type\":\"FLOAT\"},{\"mode\":\"REQUIRED\",\"name\":\"line\",\"type\":\"STRING\"},{\"mode\":\"REQUIRED\",\"name\":\"brigade\",\"type\":\"STRING\"},{\"mode\":\"REQUIRED\",\"name\":\"scheduled_departure\",\"type\":\"TIMESTAMP\"},{\"mode\":\"REQUIRED\",\"name\":\"load_date\",\"type\":\"DATE\"}]",
            "self_link": "https://bigquery.googleapis.com/bigquery/v2/projects/warsaw-tram-platform/datasets/trams_warsaw/tables/timetable",
            "table_constraints": [],
            "table_id": "timetable",
            "table_replication_info": [],
            "terraform_labels": {},
            "time_partitioning": [
              {
                "expiration_ms": 0,
                "field": "load_date",
                "require_partition_filter": false,
                "type": "DAY"
              }
            ],
            "type": "TABLE",
            "view": []
          },
          "sensitive_attributes": [],
          "identity_schema_version": 0,
          "private": "bnVsbA==",
          "dependencies": [
            "google_bigquery_dataset.trams_warsaw"
          ]
        }
      ]
    },
    {
      "mode": "managed",
      "type": "google_cloud_run_v2_job",
      "name": "position_ingestor",
      "provider": "provider[\"registry.terraform.io/hashicorp/google\"]",
      "instances": [
        {
          "schema_version": 0,
          "attributes": {
            "annotations": {},
            "binary_authorization": [],
            "client": "",
            "client_version": "",
            "conditions": [],
            "create_time": "2026-06-10T20:24:09.921744Z",
            "creator": "michal.szewczak3.stud@pw.edu.pl",
            "delete_time": "",
            "effective_annotations": {},
            "effective_labels": {},
            "etag": "\"CJuup9EGEOCZ7KAD/cHJvamVjdHMvd2Fyc2F3LXRyYW0tcGxhdGZvcm0vbG9jYXRpb25zL2V1cm9wZS1jZW50cmFsMi9qb2JzL3Bvc2l0aW9uLWluZ2VzdG9y\"",
            "execution_count": 0,
            "expire_time": "",
            "generation": "2",
            "id": "projects/warsaw-tram-platform/locations/europe-central2/jobs/position-ingestor",
            "labels": {},
            "last_modifier": "michal.szewczak3.stud@pw.edu.pl",
            "latest_created_execution": [],
            "launch_stage": "GA",
            "location": "europe-central2",
            "name": "position-ingestor",
            "observed_generation": "2",
            "project": "warsaw-tram-platform",
            "reconciling": false,
            "template": [
              {
                "annotations": {},
                "labels": {},
                "parallelism": 0,
                "task_count": 1,
                "template": [
                  {
                    "containers": [
                      {
                        "args": [],
                        "command": [],
                        "env": [
                          {
                            "name": "GCP_PROJECT_ID",
                            "value": "warsaw-tram-platform",
                            "value_source": []
                          },
                          {
                            "name": "PUBSUB_POSITIONS_TOPIC",
                            "value": "tram-positions",
                            "value_source": []
                          },
                          {
                            "name": "WARSAW_API_KEY",
                            "value": "",
                            "value_source": [
                              {
                                "secret_key_ref": [
                                  {
                                    "secret": "warsaw-api-key",
                                    "version": "latest"
                                  }
                                ]
                              }
                            ]
                          }
                        ],
                        "image": "europe-central2-docker.pkg.dev/warsaw-tram-platform/tram-platform/position-ingestor:latest",
                        "name": "",
                        "ports": [],
                        "resources": [
                          {
                            "limits": {
                              "cpu": "1",
                              "memory": "512Mi"
                            }
                          }
                        ],
                        "volume_mounts": [],
                        "working_dir": ""
                      }
                    ],
                    "encryption_key": "",
                    "execution_environment": "EXECUTION_ENVIRONMENT_GEN2",
                    "max_retries": 1,
                    "service_account": "858028405258-compute@developer.gserviceaccount.com",
                    "timeout": "50s",
                    "volumes": [],
                    "vpc_access": []
                  }
                ]
              }
            ],
            "terminal_condition": [
              {
                "execution_reason": "",
                "last_transition_time": "2026-06-10T20:24:11.567802Z",
                "message": "",
                "reason": "",
                "revision_reason": "",
                "severity": "",
                "state": "CONDITION_SUCCEEDED",
                "type": "Ready"
              }
            ],
            "terraform_labels": {},
            "timeouts": null,
            "uid": "0e3052e6-8a4a-4597-aa17-8f93fc6a07ce",
            "update_time": "2026-06-10T21:28:59.874188Z"
          },
          "sensitive_attributes": [],
          "identity_schema_version": 0,
          "private": "eyJlMmJmYjczMC1lY2FhLTExZTYtOGY4OC0zNDM2M2JjN2M0YzAiOnsiY3JlYXRlIjoxMjAwMDAwMDAwMDAwLCJkZWxldGUiOjEyMDAwMDAwMDAwMDAsInVwZGF0ZSI6MTIwMDAwMDAwMDAwMH19",
          "dependencies": [
            "google_pubsub_topic.positions",
            "google_secret_manager_secret.warsaw_api_key"
          ]
        }
      ]
    },
    {
      "mode": "managed",
      "type": "google_cloud_run_v2_job",
      "name": "timetable_loader",
      "provider": "provider[\"registry.terraform.io/hashicorp/google\"]",
      "instances": [
        {
          "schema_version": 0,
          "attributes": {
            "annotations": {},
            "binary_authorization": [],
            "client": "",
            "client_version": "",
            "conditions": [],
            "create_time": "2026-06-10T20:24:09.828385Z",
            "creator": "michal.szewczak3.stud@pw.edu.pl",
            "delete_time": "",
            "effective_annotations": {},
            "effective_labels": {},
            "etag": "\"CJuup9EGEMiG9aAD/cHJvamVjdHMvd2Fyc2F3LXRyYW0tcGxhdGZvcm0vbG9jYXRpb25zL2V1cm9wZS1jZW50cmFsMi9qb2JzL3RpbWV0YWJsZS1sb2FkZXI\"",
            "execution_count": 0,
            "expire_time": "",
            "generation": "2",
            "id": "projects/warsaw-tram-platform/locations/europe-central2/jobs/timetable-loader",
            "labels": {},
            "last_modifier": "michal.szewczak3.stud@pw.edu.pl",
            "latest_created_execution": [],
            "launch_stage": "GA",
            "location": "europe-central2",
            "name": "timetable-loader",
            "observed_generation": "2",
            "project": "warsaw-tram-platform",
            "reconciling": false,
            "template": [
              {
                "annotations": {},
                "labels": {},
                "parallelism": 0,
                "task_count": 1,
                "template": [
                  {
                    "containers": [
                      {
                        "args": [],
                        "command": [],
                        "env": [
                          {
                            "name": "GCP_PROJECT_ID",
                            "value": "warsaw-tram-platform",
                            "value_source": []
                          },
                          {
                            "name": "WARSAW_API_KEY",
                            "value": "",
                            "value_source": [
                              {
                                "secret_key_ref": [
                                  {
                                    "secret": "warsaw-api-key",
                                    "version": "latest"
                                  }
                                ]
                              }
                            ]
                          }
                        ],
                        "image": "europe-central2-docker.pkg.dev/warsaw-tram-platform/tram-platform/timetable-loader:latest",
                        "name": "",
                        "ports": [],
                        "resources": [
                          {
                            "limits": {
                              "cpu": "2",
                              "memory": "2Gi"
                            }
                          }
                        ],
                        "volume_mounts": [],
                        "working_dir": ""
                      }
                    ],
                    "encryption_key": "",
                    "execution_environment": "EXECUTION_ENVIRONMENT_GEN2",
                    "max_retries": 3,
                    "service_account": "858028405258-compute@developer.gserviceaccount.com",
                    "timeout": "3600s",
                    "volumes": [],
                    "vpc_access": []
                  }
                ]
              }
            ],
            "terminal_condition": [
              {
                "execution_reason": "",
                "last_transition_time": "2026-06-10T20:24:11.400926Z",
                "message": "",
                "reason": "",
                "revision_reason": "",
                "severity": "",
                "state": "CONDITION_SUCCEEDED",
                "type": "Ready"
              }
            ],
            "terraform_labels": {},
            "timeouts": null,
            "uid": "8ee2a98e-6633-4876-8245-7735a795c52f",
            "update_time": "2026-06-10T21:28:59.874333Z"
          },
          "sensitive_attributes": [],
          "identity_schema_version": 0,
          "private": "eyJlMmJmYjczMC1lY2FhLTExZTYtOGY4OC0zNDM2M2JjN2M0YzAiOnsiY3JlYXRlIjoxMjAwMDAwMDAwMDAwLCJkZWxldGUiOjEyMDAwMDAwMDAwMDAsInVwZGF0ZSI6MTIwMDAwMDAwMDAwMH19",
          "dependencies": [
            "google_secret_manager_secret.warsaw_api_key"
          ]
        }
      ]
    },
    {
      "mode": "managed",
      "type": "google_cloud_run_v2_job",
      "name": "weather_ingestor",
      "provider": "provider[\"registry.terraform.io/hashicorp/google\"]",
      "instances": [
        {
          "schema_version": 0,
          "attributes": {
            "annotations": {},
            "binary_authorization": [],
            "client": "",
            "client_version": "",
            "conditions": [],
            "create_time": "2026-06-10T20:24:09.831334Z",
            "creator": "michal.szewczak3.stud@pw.edu.pl",
            "delete_time": "",
            "effective_annotations": {},
            "effective_labels": {},
            "etag": "\"CJuup9EGEKiHh88D/cHJvamVjdHMvd2Fyc2F3LXRyYW0tcGxhdGZvcm0vbG9jYXRpb25zL2V1cm9wZS1jZW50cmFsMi9qb2JzL3dlYXRoZXItaW5nZXN0b3I\"",
            "execution_count": 0,
            "expire_time": "",
            "generation": "2",
            "id": "projects/warsaw-tram-platform/locations/europe-central2/jobs/weather-ingestor",
            "labels": {},
            "last_modifier": "michal.szewczak3.stud@pw.edu.pl",
            "latest_created_execution": [],
            "launch_stage": "GA",
            "location": "europe-central2",
            "name": "weather-ingestor",
            "observed_generation": "2",
            "project": "warsaw-tram-platform",
            "reconciling": false,
            "template": [
              {
                "annotations": {},
                "labels": {},
                "parallelism": 0,
                "task_count": 1,
                "template": [
                  {
                    "containers": [
                      {
                        "args": [],
                        "command": [],
                        "env": [
                          {
                            "name": "GCP_PROJECT_ID",
                            "value": "warsaw-tram-platform",
                            "value_source": []
                          },
                          {
                            "name": "PUBSUB_WEATHER_TOPIC",
                            "value": "tram-weather",
                            "value_source": []
                          },
                          {
                            "name": "WARSAW_API_KEY",
                            "value": "",
                            "value_source": [
                              {
                                "secret_key_ref": [
                                  {
                                    "secret": "warsaw-api-key",
                                    "version": "latest"
                                  }
                                ]
                              }
                            ]
                          }
                        ],
                        "image": "europe-central2-docker.pkg.dev/warsaw-tram-platform/tram-platform/weather-ingestor:latest",
                        "name": "",
                        "ports": [],
                        "resources": [
                          {
                            "limits": {
                              "cpu": "1",
                              "memory": "512Mi"
                            }
                          }
                        ],
                        "volume_mounts": [],
                        "working_dir": ""
                      }
                    ],
                    "encryption_key": "",
                    "execution_environment": "EXECUTION_ENVIRONMENT_GEN2",
                    "max_retries": 1,
                    "service_account": "858028405258-compute@developer.gserviceaccount.com",
                    "timeout": "30s",
                    "volumes": [],
                    "vpc_access": []
                  }
                ]
              }
            ],
            "terminal_condition": [
              {
                "execution_reason": "",
                "last_transition_time": "2026-06-10T20:24:11.395717Z",
                "message": "",
                "reason": "",
                "revision_reason": "",
                "severity": "",
                "state": "CONDITION_SUCCEEDED",
                "type": "Ready"
              }
            ],
            "terraform_labels": {},
            "timeouts": null,
            "uid": "ea2579e7-944f-4ac9-b2a6-dab9df5a21f8",
            "update_time": "2026-06-10T21:28:59.971097Z"
          },
          "sensitive_attributes": [],
          "identity_schema_version": 0,
          "private": "eyJlMmJmYjczMC1lY2FhLTExZTYtOGY4OC0zNDM2M2JjN2M0YzAiOnsiY3JlYXRlIjoxMjAwMDAwMDAwMDAwLCJkZWxldGUiOjEyMDAwMDAwMDAwMDAsInVwZGF0ZSI6MTIwMDAwMDAwMDAwMH19",
          "dependencies": [
            "google_pubsub_topic.weather",
            "google_secret_manager_secret.warsaw_api_key"
          ]
        }
      ]
    },
    {
      "mode": "managed",
      "type": "google_cloud_run_v2_service",
      "name": "prediction_api",
      "provider": "provider[\"registry.terraform.io/hashicorp/google\"]",
      "instances": [
        {
          "schema_version": 0,
          "attributes": {
            "annotations": {},
            "binary_authorization": [],
            "client": "",
            "client_version": "",
            "conditions": [
              {
                "execution_reason": "",
                "last_transition_time": "2026-06-10T20:24:15.131465Z",
                "message": "",
                "reason": "",
                "revision_reason": "",
                "severity": "",
                "state": "CONDITION_SUCCEEDED",
                "type": "RoutesReady"
              },
              {
                "execution_reason": "",
                "last_transition_time": "2026-06-10T20:24:11.689418Z",
                "message": "",
                "reason": "",
                "revision_reason": "",
                "severity": "",
                "state": "CONDITION_SUCCEEDED",
                "type": "ConfigurationsReady"
              }
            ],
            "create_time": "2026-06-10T20:24:09.588437Z",
            "creator": "michal.szewczak3.stud@pw.edu.pl",
            "custom_audiences": [],
            "delete_time": "",
            "description": "",
            "effective_annotations": {},
            "effective_labels": {},
            "etag": "\"COmPp9EGEIisy5gC/cHJvamVjdHMvd2Fyc2F3LXRyYW0tcGxhdGZvcm0vbG9jYXRpb25zL2V1cm9wZS1jZW50cmFsMi9zZXJ2aWNlcy9wcmVkaWN0aW9uLWFwaQ\"",
            "expire_time": "",
            "generation": "1",
            "id": "projects/warsaw-tram-platform/locations/europe-central2/services/prediction-api",
            "ingress": "INGRESS_TRAFFIC_ALL",
            "labels": {},
            "last_modifier": "michal.szewczak3.stud@pw.edu.pl",
            "latest_created_revision": "projects/warsaw-tram-platform/locations/europe-central2/services/prediction-api/revisions/prediction-api-00001-vlj",
            "latest_ready_revision": "projects/warsaw-tram-platform/locations/europe-central2/services/prediction-api/revisions/prediction-api-00001-vlj",
            "launch_stage": "GA",
            "location": "europe-central2",
            "name": "prediction-api",
            "observed_generation": "1",
            "project": "warsaw-tram-platform",
            "reconciling": false,
            "template": [
              {
                "annotations": {},
                "containers": [
                  {
                    "args": [],
                    "command": [],
                    "depends_on": [],
                    "env": [
                      {
                        "name": "GCP_PROJECT_ID",
                        "value": "warsaw-tram-platform",
                        "value_source": []
                      },
                      {
                        "name": "GCP_REGION",
                        "value": "europe-central2",
                        "value_source": []
                      },
                      {
                        "name": "PREDICTION_API_KEY",
                        "value": "",
                        "value_source": [
                          {
                            "secret_key_ref": [
                              {
                                "secret": "prediction-api-key",
                                "version": "latest"
                              }
                            ]
                          }
                        ]
                      }
                    ],
                    "image": "europe-central2-docker.pkg.dev/warsaw-tram-platform/tram-platform/prediction-api:latest",
                    "liveness_probe": [],
                    "name": "",
                    "ports": [
                      {
                        "container_port": 8080,
                        "name": "http1"
                      }
                    ],
                    "resources": [
                      {
                        "cpu_idle": false,
                        "limits": {
                          "cpu": "2",
                          "memory": "2Gi"
                        },
                        "startup_cpu_boost": false
                      }
                    ],
                    "startup_probe": [
                      {
                        "failure_threshold": 1,
                        "grpc": [],
                        "http_get": [],
                        "initial_delay_seconds": 0,
                        "period_seconds": 240,
                        "tcp_socket": [
                          {
                            "port": 8080
                          }
                        ],
                        "timeout_seconds": 240
                      }
                    ],
                    "volume_mounts": [],
                    "working_dir": ""
                  }
                ],
                "encryption_key": "",
                "execution_environment": "",
                "labels": {},
                "max_instance_request_concurrency": 160,
                "revision": "",
                "scaling": [
                  {
                    "max_instance_count": 10,
                    "min_instance_count": 0
                  }
                ],
                "service_account": "858028405258-compute@developer.gserviceaccount.com",
                "session_affinity": false,
                "timeout": "300s",
                "volumes": [],
                "vpc_access": []
              }
            ],
            "terminal_condition": [
              {
                "execution_reason": "",
                "last_transition_time": "2026-06-10T20:24:15.169508Z",
                "message": "",
                "reason": "",
                "revision_reason": "",
                "severity": "",
                "state": "CONDITION_SUCCEEDED",
                "type": "Ready"
              }
            ],
            "terraform_labels": {},
            "timeouts": null,
            "traffic": [
              {
                "percent": 100,
                "revision": "",
                "tag": "",
                "type": "TRAFFIC_TARGET_ALLOCATION_TYPE_LATEST"
              }
            ],
            "traffic_statuses": [
              {
                "percent": 100,
                "revision": "",
                "tag": "",
                "type": "TRAFFIC_TARGET_ALLOCATION_TYPE_LATEST",
                "uri": ""
              }
            ],
            "uid": "879d401a-ce99-43d7-a704-9965acf37c65",
            "update_time": "2026-06-10T20:24:09.588437Z",
            "uri": "https://prediction-api-i3g3725yaa-lm.a.run.app"
          },
          "sensitive_attributes": [],
          "identity_schema_version": 0,
          "private": "eyJlMmJmYjczMC1lY2FhLTExZTYtOGY4OC0zNDM2M2JjN2M0YzAiOnsiY3JlYXRlIjoxMjAwMDAwMDAwMDAwLCJkZWxldGUiOjEyMDAwMDAwMDAwMDAsInVwZGF0ZSI6MTIwMDAwMDAwMDAwMH19",
          "dependencies": [
            "google_secret_manager_secret.prediction_api_key"
          ]
        }
      ]
    },
    {
      "mode": "managed",
      "type": "google_pubsub_subscription",
      "name": "positions_sub",
      "provider": "provider[\"registry.terraform.io/hashicorp/google\"]",
      "instances": [
        {
          "schema_version": 0,
          "attributes": {
            "ack_deadline_seconds": 60,
            "bigquery_config": [],
            "cloud_storage_config": [],
            "dead_letter_policy": [],
            "effective_labels": {},
            "enable_exactly_once_delivery": false,
            "enable_message_ordering": false,
            "expiration_policy": [
              {
                "ttl": "2678400s"
              }
            ],
            "filter": "",
            "id": "projects/warsaw-tram-platform/subscriptions/tram-positions-sub",
            "labels": {},
            "message_retention_duration": "604800s",
            "name": "tram-positions-sub",
            "project": "warsaw-tram-platform",
            "push_config": [],
            "retain_acked_messages": false,
            "retry_policy": [],
            "terraform_labels": {},
            "timeouts": null,
            "topic": "projects/warsaw-tram-platform/topics/tram-positions"
          },
          "sensitive_attributes": [],
          "identity_schema_version": 0,
          "private": "eyJlMmJmYjczMC1lY2FhLTExZTYtOGY4OC0zNDM2M2JjN2M0YzAiOnsiY3JlYXRlIjoxMjAwMDAwMDAwMDAwLCJkZWxldGUiOjEyMDAwMDAwMDAwMDAsInVwZGF0ZSI6MTIwMDAwMDAwMDAwMH19",
          "dependencies": [
            "google_pubsub_topic.positions"
          ]
        }
      ]
    },
    {
      "mode": "managed",
      "type": "google_pubsub_subscription",
      "name": "weather_sub",
      "provider": "provider[\"registry.terraform.io/hashicorp/google\"]",
      "instances": [
        {
          "schema_version": 0,
          "attributes": {
            "ack_deadline_seconds": 60,
            "bigquery_config": [],
            "cloud_storage_config": [],
            "dead_letter_policy": [],
            "effective_labels": {},
            "enable_exactly_once_delivery": false,
            "enable_message_ordering": false,
            "expiration_policy": [
              {
                "ttl": "2678400s"
              }
            ],
            "filter": "",
            "id": "projects/warsaw-tram-platform/subscriptions/tram-weather-sub",
            "labels": {},
            "message_retention_duration": "604800s",
            "name": "tram-weather-sub",
            "project": "warsaw-tram-platform",
            "push_config": [],
            "retain_acked_messages": false,
            "retry_policy": [],
            "terraform_labels": {},
            "timeouts": null,
            "topic": "projects/warsaw-tram-platform/topics/tram-weather"
          },
          "sensitive_attributes": [],
          "identity_schema_version": 0,
          "private": "eyJlMmJmYjczMC1lY2FhLTExZTYtOGY4OC0zNDM2M2JjN2M0YzAiOnsiY3JlYXRlIjoxMjAwMDAwMDAwMDAwLCJkZWxldGUiOjEyMDAwMDAwMDAwMDAsInVwZGF0ZSI6MTIwMDAwMDAwMDAwMH19",
          "dependencies": [
            "google_pubsub_topic.weather"
          ]
        }
      ]
    },
    {
      "mode": "managed",
      "type": "google_pubsub_topic",
      "name": "positions",
      "provider": "provider[\"registry.terraform.io/hashicorp/google\"]",
      "instances": [
        {
          "schema_version": 0,
          "attributes": {
            "effective_labels": {},
            "id": "projects/warsaw-tram-platform/topics/tram-positions",
            "ingestion_data_source_settings": [],
            "kms_key_name": "",
            "labels": {},
            "message_retention_duration": "604800s",
            "message_storage_policy": [],
            "name": "tram-positions",
            "project": "warsaw-tram-platform",
            "schema_settings": [],
            "terraform_labels": {},
            "timeouts": null
          },
          "sensitive_attributes": [],
          "identity_schema_version": 0,
          "private": "eyJlMmJmYjczMC1lY2FhLTExZTYtOGY4OC0zNDM2M2JjN2M0YzAiOnsiY3JlYXRlIjoxMjAwMDAwMDAwMDAwLCJkZWxldGUiOjEyMDAwMDAwMDAwMDAsInVwZGF0ZSI6MTIwMDAwMDAwMDAwMH19"
        }
      ]
    },
    {
      "mode": "managed",
      "type": "google_pubsub_topic",
      "name": "weather",
      "provider": "provider[\"registry.terraform.io/hashicorp/google\"]",
      "instances": [
        {
          "schema_version": 0,
          "attributes": {
            "effective_labels": {},
            "id": "projects/warsaw-tram-platform/topics/tram-weather",
            "ingestion_data_source_settings": [],
            "kms_key_name": "",
            "labels": {},
            "message_retention_duration": "604800s",
            "message_storage_policy": [],
            "name": "tram-weather",
            "project": "warsaw-tram-platform",
            "schema_settings": [],
            "terraform_labels": {},
            "timeouts": null
          },
          "sensitive_attributes": [],
          "identity_schema_version": 0,
          "private": "eyJlMmJmYjczMC1lY2FhLTExZTYtOGY4OC0zNDM2M2JjN2M0YzAiOnsiY3JlYXRlIjoxMjAwMDAwMDAwMDAwLCJkZWxldGUiOjEyMDAwMDAwMDAwMDAsInVwZGF0ZSI6MTIwMDAwMDAwMDAwMH19"
        }
      ]
    },
    {
      "mode": "managed",
      "type": "google_secret_manager_secret",
      "name": "prediction_api_key",
      "provider": "provider[\"registry.terraform.io/hashicorp/google\"]",
      "instances": [
        {
          "schema_version": 0,
          "attributes": {
            "annotations": {},
            "create_time": "2026-06-10T20:08:35.226180Z",
            "effective_annotations": {},
            "effective_labels": {},
            "expire_time": "",
            "id": "projects/warsaw-tram-platform/secrets/prediction-api-key",
            "labels": {},
            "name": "projects/858028405258/secrets/prediction-api-key",
            "project": "warsaw-tram-platform",
            "replication": [
              {
                "auto": [
                  {
                    "customer_managed_encryption": []
                  }
                ],
                "user_managed": []
              }
            ],
            "rotation": [],
            "secret_id": "prediction-api-key",
            "terraform_labels": {},
            "timeouts": null,
            "topics": [],
            "ttl": null,
            "version_aliases": {},
            "version_destroy_ttl": ""
          },
          "sensitive_attributes": [],
          "identity_schema_version": 0,
          "private": "eyJlMmJmYjczMC1lY2FhLTExZTYtOGY4OC0zNDM2M2JjN2M0YzAiOnsiY3JlYXRlIjoxMjAwMDAwMDAwMDAwLCJkZWxldGUiOjEyMDAwMDAwMDAwMDAsInVwZGF0ZSI6MTIwMDAwMDAwMDAwMH19"
        }
      ]
    },
    {
      "mode": "managed",
      "type": "google_secret_manager_secret",
      "name": "warsaw_api_key",
      "provider": "provider[\"registry.terraform.io/hashicorp/google\"]",
      "instances": [
        {
          "schema_version": 0,
          "attributes": {
            "annotations": {},
            "create_time": "2026-06-10T20:08:35.223591Z",
            "effective_annotations": {},
            "effective_labels": {},
            "expire_time": "",
            "id": "projects/warsaw-tram-platform/secrets/warsaw-api-key",
            "labels": {},
            "name": "projects/858028405258/secrets/warsaw-api-key",
            "project": "warsaw-tram-platform",
            "replication": [
              {
                "auto": [
                  {
                    "customer_managed_encryption": []
                  }
                ],
                "user_managed": []
              }
            ],
            "rotation": [],
            "secret_id": "warsaw-api-key",
            "terraform_labels": {},
            "timeouts": null,
            "topics": [],
            "ttl": null,
            "version_aliases": {},
            "version_destroy_ttl": ""
          },
          "sensitive_attributes": [],
          "identity_schema_version": 0,
          "private": "eyJlMmJmYjczMC1lY2FhLTExZTYtOGY4OC0zNDM2M2JjN2M0YzAiOnsiY3JlYXRlIjoxMjAwMDAwMDAwMDAwLCJkZWxldGUiOjEyMDAwMDAwMDAwMDAsInVwZGF0ZSI6MTIwMDAwMDAwMDAwMH19"
        }
      ]
    },
    {
      "mode": "managed",
      "type": "google_secret_manager_secret_version",
      "name": "prediction_api_key",
      "provider": "provider[\"registry.terraform.io/hashicorp/google\"]",
      "instances": [
        {
          "schema_version": 0,
          "attributes": {
            "create_time": "2026-06-10T20:08:37.855054Z",
            "deletion_policy": "DELETE",
            "destroy_time": "",
            "enabled": true,
            "id": "projects/858028405258/secrets/prediction-api-key/versions/1",
            "is_secret_data_base64": false,
            "name": "projects/858028405258/secrets/prediction-api-key/versions/1",
            "secret": "projects/warsaw-tram-platform/secrets/prediction-api-key",
            "secret_data": "trams-2026-xK9mP3qL",
            "timeouts": null,
            "version": "1"
          },
          "sensitive_attributes": [
            [
              {
                "type": "get_attr",
                "value": "secret_data"
              }
            ]
          ],
          "identity_schema_version": 0,
          "private": "eyJlMmJmYjczMC1lY2FhLTExZTYtOGY4OC0zNDM2M2JjN2M0YzAiOnsiY3JlYXRlIjoxMjAwMDAwMDAwMDAwLCJkZWxldGUiOjEyMDAwMDAwMDAwMDAsInVwZGF0ZSI6MTIwMDAwMDAwMDAwMH19",
          "dependencies": [
            "google_secret_manager_secret.prediction_api_key"
          ]
        }
      ]
    },
    {
      "mode": "managed",
      "type": "google_secret_manager_secret_version",
      "name": "warsaw_api_key",
      "provider": "provider[\"registry.terraform.io/hashicorp/google\"]",
      "instances": [
        {
          "schema_version": 0,
          "attributes": {
            "create_time": "2026-06-10T20:08:37.359210Z",
            "deletion_policy": "DELETE",
            "destroy_time": "",
            "enabled": true,
            "id": "projects/858028405258/secrets/warsaw-api-key/versions/1",
            "is_secret_data_base64": false,
            "name": "projects/858028405258/secrets/warsaw-api-key/versions/1",
            "secret": "projects/warsaw-tram-platform/secrets/warsaw-api-key",
            "secret_data": "eyJhbGciOiJIUzI1NiIsInR5cCI6IkpXVCJ9.eyJqdGkiOiJFT090VHhCRS1ZNEZvbGRycFFBcUpvWlFFN0t2ZEVqZUM5Tl9tY2dRd2RrIiwiaWF0IjoxNzgxMDI2OTkwfQ.131rz96oamAnVmLJGAvGkGggNudYawXuLJtAUTYOQlM",
            "timeouts": null,
            "version": "1"
          },
          "sensitive_attributes": [
            [
              {
                "type": "get_attr",
                "value": "secret_data"
              }
            ]
          ],
          "identity_schema_version": 0,
          "private": "eyJlMmJmYjczMC1lY2FhLTExZTYtOGY4OC0zNDM2M2JjN2M0YzAiOnsiY3JlYXRlIjoxMjAwMDAwMDAwMDAwLCJkZWxldGUiOjEyMDAwMDAwMDAwMDAsInVwZGF0ZSI6MTIwMDAwMDAwMDAwMH19",
          "dependencies": [
            "google_secret_manager_secret.warsaw_api_key"
          ]
        }
      ]
    },
    {
      "mode": "managed",
      "type": "google_storage_bucket",
      "name": "ml_artefacts",
      "provider": "provider[\"registry.terraform.io/hashicorp/google\"]",
      "instances": [
        {
          "schema_version": 2,
          "attributes": {
            "autoclass": [],
            "cors": [],
            "custom_placement_config": [],
            "default_event_based_hold": false,
            "effective_labels": {},
            "enable_object_retention": false,
            "encryption": [],
            "force_destroy": false,
            "id": "warsaw-tram-platform-trams-ml-artefacts",
            "labels": {},
            "lifecycle_rule": [],
            "location": "EUROPE-CENTRAL2",
            "logging": [],
            "name": "warsaw-tram-platform-trams-ml-artefacts",
            "project": "warsaw-tram-platform",
            "project_number": 858028405258,
            "public_access_prevention": "inherited",
            "requester_pays": false,
            "retention_policy": [],
            "rpo": null,
            "self_link": "https://www.googleapis.com/storage/v1/b/warsaw-tram-platform-trams-ml-artefacts",
            "soft_delete_policy": [
              {
                "effective_time": "2026-06-10T20:22:03.344Z",
                "retention_duration_seconds": 604800
              }
            ],
            "storage_class": "STANDARD",
            "terraform_labels": {},
            "timeouts": null,
            "uniform_bucket_level_access": true,
            "url": "gs://warsaw-tram-platform-trams-ml-artefacts",
            "versioning": [
              {
                "enabled": true
              }
            ],
            "website": []
          },
          "sensitive_attributes": [],
          "identity_schema_version": 0,
          "private": "eyJlMmJmYjczMC1lY2FhLTExZTYtOGY4OC0zNDM2M2JjN2M0YzAiOnsiY3JlYXRlIjo2MDAwMDAwMDAwMDAsInJlYWQiOjI0MDAwMDAwMDAwMCwidXBkYXRlIjoyNDAwMDAwMDAwMDB9LCJzY2hlbWFfdmVyc2lvbiI6IjIifQ=="
        }
      ]
    },
    {
      "mode": "managed",
      "type": "google_storage_bucket",
      "name": "raw_archive",
      "provider": "provider[\"registry.terraform.io/hashicorp/google\"]",
      "instances": [
        {
          "schema_version": 2,
          "attributes": {
            "autoclass": [],
            "cors": [],
            "custom_placement_config": [],
            "default_event_based_hold": false,
            "effective_labels": {},
            "enable_object_retention": false,
            "encryption": [],
            "force_destroy": false,
            "id": "warsaw-tram-platform-trams-raw-archive",
            "labels": {},
            "lifecycle_rule": [
              {
                "action": [
                  {
                    "storage_class": "",
                    "type": "Delete"
                  }
                ],
                "condition": [
                  {
                    "age": 60,
                    "created_before": "",
                    "custom_time_before": "",
                    "days_since_custom_time": 0,
                    "days_since_noncurrent_time": 0,
                    "matches_prefix": [],
                    "matches_storage_class": [],
                    "matches_suffix": [],
                    "no_age": false,
                    "noncurrent_time_before": "",
                    "num_newer_versions": 0,
                    "send_age_if_zero": true,
                    "send_days_since_custom_time_if_zero": false,
                    "send_days_since_noncurrent_time_if_zero": false,
                    "send_num_newer_versions_if_zero": false,
                    "with_state": "ANY"
                  }
                ]
              }
            ],
            "location": "EUROPE-CENTRAL2",
            "logging": [],
            "name": "warsaw-tram-platform-trams-raw-archive",
            "project": "warsaw-tram-platform",
            "project_number": 858028405258,
            "public_access_prevention": "inherited",
            "requester_pays": false,
            "retention_policy": [],
            "rpo": null,
            "self_link": "https://www.googleapis.com/storage/v1/b/warsaw-tram-platform-trams-raw-archive",
            "soft_delete_policy": [
              {
                "effective_time": "2026-06-10T20:22:03.040Z",
                "retention_duration_seconds": 604800
              }
            ],
            "storage_class": "STANDARD",
            "terraform_labels": {},
            "timeouts": null,
            "uniform_bucket_level_access": true,
            "url": "gs://warsaw-tram-platform-trams-raw-archive",
            "versioning": [],
            "website": []
          },
          "sensitive_attributes": [],
          "identity_schema_version": 0,
          "private": "eyJlMmJmYjczMC1lY2FhLTExZTYtOGY4OC0zNDM2M2JjN2M0YzAiOnsiY3JlYXRlIjo2MDAwMDAwMDAwMDAsInJlYWQiOjI0MDAwMDAwMDAwMCwidXBkYXRlIjoyNDAwMDAwMDAwMDB9LCJzY2hlbWFfdmVyc2lvbiI6IjIifQ=="
        }
      ]
    }
  ],
  "check_results": null
}
